
Microsoft Visual Studio Solution File, Format Version 12.00
# Visual Studio Version 17
VisualStudioVersion = 17.14.36623.8 d17.14
MinimumVisualStudioVersion = 10.0.40219.1
Project("{FAE04EC0-301F-11D3-BF4B-00C04F79EFBC}") = "Nesnehafta", "Nesnehafta.csproj", "{0EE4F675-4478-48A0-92CA-167B4E5BE49D}"
EndProject
Global
	GlobalSection(SolutionConfigurationPlatforms) = preSolution
		Debug|Any CPU = Debug|Any CPU
		Release|Any CPU = Release|Any CPU
	EndGlobalSection
	GlobalSection(ProjectConfigurationPlatforms) = postSolution
		{0EE4F675-4478-48A0-92CA-167B4E5BE49D}.Debug|Any CPU.ActiveCfg = Debug|Any CPU
		{0EE4F675-4478-48A0-92CA-167B4E5BE49D}.Debug|Any CPU.Build.0 = Debug|Any CPU
		{0EE4F675-4478-48A0-92CA-167B4E5BE49D}.Release|Any CPU.ActiveCfg = Release|Any CPU
		{0EE4F675-4478-48A0-92CA-167B4E5BE49D}.Release|Any CPU.Build.0 = Release|Any CPU
	EndGlobalSection
	GlobalSection(SolutionProperties) = preSolution
		HideSolutionNode = FALSE
	EndGlobalSection
	GlobalSection(ExtensibilityGlobals) = postSolution
		SolutionGuid = {143A773F-48DC-494E-8D02-2199CF6099C9}
	EndGlobalSection
EndGlobal
